
Microsoft Visual Studio Solution File, Format Version 12.00
# Visual Studio Version 16
VisualStudioVersion = 16.0.30611.23
MinimumVisualStudioVersion = 15.0.26124.0
Project("{2150E333-8FDC-42A3-9474-1A3956D46DE8}") = "functions", "functions", "{3477AAFB-1031-4E44-B3E6-2281DD158A95}"
EndProject
Project("{9A19103F-16F7-4668-BE54-9A1E7A4F7556}") = "TwilioToken", "TwilioToken\TwilioToken.csproj", "{45F3D78E-C6CD-4905-B573-21EBE3F365AA}"
EndProject
Project("{FAE04EC0-301F-11D3-BF4B-00C04F79EFBC}") = "TwilioSMS", "TwilioSMS\TwilioSMS.csproj", "{DBB7C834-D77F-4008-8A01-E27EC6EDA210}"
EndProject
Project("{2150E333-8FDC-42A3-9474-1A3956D46DE8}") = "src", "src", "{AE746A98-1D26-497B-B2D5-64E7AB545FA2}"
EndProject
Project("{FAE04EC0-301F-11D3-BF4B-00C04F79EFBC}") = "TwilioServer", "TwilioServer\TwilioServer.csproj", "{9A8A1F98-3B7B-4E0C-B27A-FB44E341C131}"
EndProject
Global
	GlobalSection(SolutionConfigurationPlatforms) = preSolution
		Debug|Any CPU = Debug|Any CPU
		Debug|x64 = Debug|x64
		Debug|x86 = Debug|x86
		Release|Any CPU = Release|Any CPU
		Release|x64 = Release|x64
		Release|x86 = Release|x86
	EndGlobalSection
	GlobalSection(ProjectConfigurationPlatforms) = postSolution
		{45F3D78E-C6CD-4905-B573-21EBE3F365AA}.Debug|Any CPU.ActiveCfg = Debug|Any CPU
		{45F3D78E-C6CD-4905-B573-21EBE3F365AA}.Debug|Any CPU.Build.0 = Debug|Any CPU
		{45F3D78E-C6CD-4905-B573-21EBE3F365AA}.Debug|x64.ActiveCfg = Debug|Any CPU
		{45F3D78E-C6CD-4905-B573-21EBE3F365AA}.Debug|x64.Build.0 = Debug|Any CPU
		{45F3D78E-C6CD-4905-B573-21EBE3F365AA}.Debug|x86.ActiveCfg = Debug|Any CPU
		{45F3D78E-C6CD-4905-B573-21EBE3F365AA}.Debug|x86.Build.0 = Debug|Any CPU
		{45F3D78E-C6CD-4905-B573-21EBE3F365AA}.Release|Any CPU.ActiveCfg = Release|Any CPU
		{45F3D78E-C6CD-4905-B573-21EBE3F365AA}.Release|Any CPU.Build.0 = Release|Any CPU
		{45F3D78E-C6CD-4905-B573-21EBE3F365AA}.Release|x64.ActiveCfg = Release|Any CPU
		{45F3D78E-C6CD-4905-B573-21EBE3F365AA}.Release|x64.Build.0 = Release|Any CPU
		{45F3D78E-C6CD-4905-B573-21EBE3F365AA}.Release|x86.ActiveCfg = Release|Any CPU
		{45F3D78E-C6CD-4905-B573-21EBE3F365AA}.Release|x86.Build.0 = Release|Any CPU
		{DBB7C834-D77F-4008-8A01-E27EC6EDA210}.Debug|Any CPU.ActiveCfg = Debug|Any CPU
		{DBB7C834-D77F-4008-8A01-E27EC6EDA210}.Debug|Any CPU.Build.0 = Debug|Any CPU
		{DBB7C834-D77F-4008-8A01-E27EC6EDA210}.Debug|x64.ActiveCfg = Debug|Any CPU
		{DBB7C834-D77F-4008-8A01-E27EC6EDA210}.Debug|x64.Build.0 = Debug|Any CPU
		{DBB7C834-D77F-4008-8A01-E27EC6EDA210}.Debug|x86.ActiveCfg = Debug|Any CPU
		{DBB7C834-D77F-4008-8A01-E27EC6EDA210}.Debug|x86.Build.0 = Debug|Any CPU
		{DBB7C834-D77F-4008-8A01-E27EC6EDA210}.Release|Any CPU.ActiveCfg = Release|Any CPU
		{DBB7C834-D77F-4008-8A01-E27EC6EDA210}.Release|Any CPU.Build.0 = Release|Any CPU
		{DBB7C834-D77F-4008-8A01-E27EC6EDA210}.Release|x64.ActiveCfg = Release|Any CPU
		{DBB7C834-D77F-4008-8A01-E27EC6EDA210}.Release|x64.Build.0 = Release|Any CPU
		{DBB7C834-D77F-4008-8A01-E27EC6EDA210}.Release|x86.ActiveCfg = Release|Any CPU
		{DBB7C834-D77F-4008-8A01-E27EC6EDA210}.Release|x86.Build.0 = Release|Any CPU
		{9A8A1F98-3B7B-4E0C-B27A-FB44E341C131}.Debug|Any CPU.ActiveCfg = Debug|Any CPU
		{9A8A1F98-3B7B-4E0C-B27A-FB44E341C131}.Debug|Any CPU.Build.0 = Debug|Any CPU
		{9A8A1F98-3B7B-4E0C-B27A-FB44E341C131}.Debug|x64.ActiveCfg = Debug|Any CPU
		{9A8A1F98-3B7B-4E0C-B27A-FB44E341C131}.Debug|x64.Build.0 = Debug|Any CPU
		{9A8A1F98-3B7B-4E0C-B27A-FB44E341C131}.Debug|x86.ActiveCfg = Debug|Any CPU
		{9A8A1F98-3B7B-4E0C-B27A-FB44E341C131}.Debug|x86.Build.0 = Debug|Any CPU
		{9A8A1F98-3B7B-4E0C-B27A-FB44E341C131}.Release|Any CPU.ActiveCfg = Release|Any CPU
		{9A8A1F98-3B7B-4E0C-B27A-FB44E341C131}.Release|Any CPU.Build.0 = Release|Any CPU
		{9A8A1F98-3B7B-4E0C-B27A-FB44E341C131}.Release|x64.ActiveCfg = Release|Any CPU
		{9A8A1F98-3B7B-4E0C-B27A-FB44E341C131}.Release|x64.Build.0 = Release|Any CPU
		{9A8A1F98-3B7B-4E0C-B27A-FB44E341C131}.Release|x86.ActiveCfg = Release|Any CPU
		{9A8A1F98-3B7B-4E0C-B27A-FB44E341C131}.Release|x86.Build.0 = Release|Any CPU
	EndGlobalSection
	GlobalSection(SolutionProperties) = preSolution
		HideSolutionNode = FALSE
	EndGlobalSection
	GlobalSection(NestedProjects) = preSolution
		{45F3D78E-C6CD-4905-B573-21EBE3F365AA} = {3477AAFB-1031-4E44-B3E6-2281DD158A95}
		{DBB7C834-D77F-4008-8A01-E27EC6EDA210} = {3477AAFB-1031-4E44-B3E6-2281DD158A95}
		{9A8A1F98-3B7B-4E0C-B27A-FB44E341C131} = {AE746A98-1D26-497B-B2D5-64E7AB545FA2}
	EndGlobalSection
	GlobalSection(ExtensibilityGlobals) = postSolution
		SolutionGuid = {1B9C8FF4-F143-4007-A3F9-17073DCC0356}
	EndGlobalSection
EndGlobal
