
Microsoft Visual Studio Solution File, Format Version 12.00
# Visual Studio Version 16
VisualStudioVersion = 16.0.30611.23
MinimumVisualStudioVersion = 15.0.26124.0
Project("{9A19103F-16F7-4668-BE54-9A1E7A4F7556}") = "TwilioServer.Api", "TwilioServer.Api\TwilioServer.Api.csproj", "{C8945B83-CC33-4F71-A020-E8063FB8CE65}"
EndProject
Project("{2150E333-8FDC-42A3-9474-1A3956D46DE8}") = "functions", "functions", "{3477AAFB-1031-4E44-B3E6-2281DD158A95}"
EndProject
Project("{FAE04EC0-301F-11D3-BF4B-00C04F79EFBC}") = "TwilioToken", "TwilioToken\TwilioToken.csproj", "{45F3D78E-C6CD-4905-B573-21EBE3F365AA}"
EndProject
Global
	GlobalSection(SolutionConfigurationPlatforms) = preSolution
		Debug|Any CPU = Debug|Any CPU
		Debug|x64 = Debug|x64
		Debug|x86 = Debug|x86
		Release|Any CPU = Release|Any CPU
		Release|x64 = Release|x64
		Release|x86 = Release|x86
	EndGlobalSection
	GlobalSection(ProjectConfigurationPlatforms) = postSolution
		{C8945B83-CC33-4F71-A020-E8063FB8CE65}.Debug|Any CPU.ActiveCfg = Debug|Any CPU
		{C8945B83-CC33-4F71-A020-E8063FB8CE65}.Debug|Any CPU.Build.0 = Debug|Any CPU
		{C8945B83-CC33-4F71-A020-E8063FB8CE65}.Debug|x64.ActiveCfg = Debug|Any CPU
		{C8945B83-CC33-4F71-A020-E8063FB8CE65}.Debug|x64.Build.0 = Debug|Any CPU
		{C8945B83-CC33-4F71-A020-E8063FB8CE65}.Debug|x86.ActiveCfg = Debug|Any CPU
		{C8945B83-CC33-4F71-A020-E8063FB8CE65}.Debug|x86.Build.0 = Debug|Any CPU
		{C8945B83-CC33-4F71-A020-E8063FB8CE65}.Release|Any CPU.ActiveCfg = Release|Any CPU
		{C8945B83-CC33-4F71-A020-E8063FB8CE65}.Release|Any CPU.Build.0 = Release|Any CPU
		{C8945B83-CC33-4F71-A020-E8063FB8CE65}.Release|x64.ActiveCfg = Release|Any CPU
		{C8945B83-CC33-4F71-A020-E8063FB8CE65}.Release|x64.Build.0 = Release|Any CPU
		{C8945B83-CC33-4F71-A020-E8063FB8CE65}.Release|x86.ActiveCfg = Release|Any CPU
		{C8945B83-CC33-4F71-A020-E8063FB8CE65}.Release|x86.Build.0 = Release|Any CPU
		{45F3D78E-C6CD-4905-B573-21EBE3F365AA}.Debug|Any CPU.ActiveCfg = Debug|Any CPU
		{45F3D78E-C6CD-4905-B573-21EBE3F365AA}.Debug|Any CPU.Build.0 = Debug|Any CPU
		{45F3D78E-C6CD-4905-B573-21EBE3F365AA}.Debug|x64.ActiveCfg = Debug|Any CPU
		{45F3D78E-C6CD-4905-B573-21EBE3F365AA}.Debug|x64.Build.0 = Debug|Any CPU
		{45F3D78E-C6CD-4905-B573-21EBE3F365AA}.Debug|x86.ActiveCfg = Debug|Any CPU
		{45F3D78E-C6CD-4905-B573-21EBE3F365AA}.Debug|x86.Build.0 = Debug|Any CPU
		{45F3D78E-C6CD-4905-B573-21EBE3F365AA}.Release|Any CPU.ActiveCfg = Release|Any CPU
		{45F3D78E-C6CD-4905-B573-21EBE3F365AA}.Release|Any CPU.Build.0 = Release|Any CPU
		{45F3D78E-C6CD-4905-B573-21EBE3F365AA}.Release|x64.ActiveCfg = Release|Any CPU
		{45F3D78E-C6CD-4905-B573-21EBE3F365AA}.Release|x64.Build.0 = Release|Any CPU
		{45F3D78E-C6CD-4905-B573-21EBE3F365AA}.Release|x86.ActiveCfg = Release|Any CPU
		{45F3D78E-C6CD-4905-B573-21EBE3F365AA}.Release|x86.Build.0 = Release|Any CPU
	EndGlobalSection
	GlobalSection(SolutionProperties) = preSolution
		HideSolutionNode = FALSE
	EndGlobalSection
	GlobalSection(NestedProjects) = preSolution
		{45F3D78E-C6CD-4905-B573-21EBE3F365AA} = {3477AAFB-1031-4E44-B3E6-2281DD158A95}
	EndGlobalSection
	GlobalSection(ExtensibilityGlobals) = postSolution
		SolutionGuid = {1B9C8FF4-F143-4007-A3F9-17073DCC0356}
	EndGlobalSection
EndGlobal
